
Microsoft Visual Studio Solution File, Format Version 12.00
# Visual Studio Version 17
VisualStudioVersion = 17.10.35027.167
MinimumVisualStudioVersion = 10.0.40219.1
Project("{FAE04EC0-301F-11D3-BF4B-00C04F79EFBC}") = "Calculator_WPF_application", "Calculator_WPF_application\Calculator_WPF_application.csproj", "{59255597-83D8-4F99-9C44-1C9459794AEE}"
EndProject
Global
	GlobalSection(SolutionConfigurationPlatforms) = preSolution
		Debug|Any CPU = Debug|Any CPU
		Release|Any CPU = Release|Any CPU
	EndGlobalSection
	GlobalSection(ProjectConfigurationPlatforms) = postSolution
		{59255597-83D8-4F99-9C44-1C9459794AEE}.Debug|Any CPU.ActiveCfg = Debug|Any CPU
		{59255597-83D8-4F99-9C44-1C9459794AEE}.Debug|Any CPU.Build.0 = Debug|Any CPU
		{59255597-83D8-4F99-9C44-1C9459794AEE}.Release|Any CPU.ActiveCfg = Release|Any CPU
		{59255597-83D8-4F99-9C44-1C9459794AEE}.Release|Any CPU.Build.0 = Release|Any CPU
	EndGlobalSection
	GlobalSection(SolutionProperties) = preSolution
		HideSolutionNode = FALSE
	EndGlobalSection
	GlobalSection(ExtensibilityGlobals) = postSolution
		SolutionGuid = {56A3A3B4-6469-4024-AF3E-54C78B593404}
	EndGlobalSection
EndGlobal
